
Microsoft Visual Studio Solution File, Format Version 12.00
# Visual Studio Version 16
VisualStudioVersion = 16.0.31613.86
MinimumVisualStudioVersion = 10.0.40219.1
Project("{9A19103F-16F7-4668-BE54-9A1E7A4F7556}") = "Chat.Server", "Chat\Server\Chat.Server.csproj", "{67A88C98-A0EB-4810-AEAF-1666949A1696}"
EndProject
Project("{9A19103F-16F7-4668-BE54-9A1E7A4F7556}") = "Chat.Client", "Chat\Client\Chat.Client.csproj", "{344404E0-B3C9-416B-B182-CAA8A0114687}"
EndProject
Project("{9A19103F-16F7-4668-BE54-9A1E7A4F7556}") = "Chat.Shared", "Chat\Shared\Chat.Shared.csproj", "{6345C240-5FDB-40B6-BABC-86663C72CA14}"
EndProject
Project("{9A19103F-16F7-4668-BE54-9A1E7A4F7556}") = "Bot", "Bot\Bot.csproj", "{19AC0586-F1D0-4EC7-84C4-8CCB1F9FB478}"
EndProject
Project("{FAE04EC0-301F-11D3-BF4B-00C04F79EFBC}") = "ChatBotApps.Test", "ChatBotApps.Test\ChatBotApps.Test.csproj", "{6CFD3BA5-2C57-4491-9873-85E319107723}"
EndProject
Global
	GlobalSection(SolutionConfigurationPlatforms) = preSolution
		Debug|Any CPU = Debug|Any CPU
		Release|Any CPU = Release|Any CPU
	EndGlobalSection
	GlobalSection(ProjectConfigurationPlatforms) = postSolution
		{67A88C98-A0EB-4810-AEAF-1666949A1696}.Debug|Any CPU.ActiveCfg = Debug|Any CPU
		{67A88C98-A0EB-4810-AEAF-1666949A1696}.Debug|Any CPU.Build.0 = Debug|Any CPU
		{67A88C98-A0EB-4810-AEAF-1666949A1696}.Release|Any CPU.ActiveCfg = Release|Any CPU
		{67A88C98-A0EB-4810-AEAF-1666949A1696}.Release|Any CPU.Build.0 = Release|Any CPU
		{344404E0-B3C9-416B-B182-CAA8A0114687}.Debug|Any CPU.ActiveCfg = Debug|Any CPU
		{344404E0-B3C9-416B-B182-CAA8A0114687}.Debug|Any CPU.Build.0 = Debug|Any CPU
		{344404E0-B3C9-416B-B182-CAA8A0114687}.Release|Any CPU.ActiveCfg = Release|Any CPU
		{344404E0-B3C9-416B-B182-CAA8A0114687}.Release|Any CPU.Build.0 = Release|Any CPU
		{6345C240-5FDB-40B6-BABC-86663C72CA14}.Debug|Any CPU.ActiveCfg = Debug|Any CPU
		{6345C240-5FDB-40B6-BABC-86663C72CA14}.Debug|Any CPU.Build.0 = Debug|Any CPU
		{6345C240-5FDB-40B6-BABC-86663C72CA14}.Release|Any CPU.ActiveCfg = Release|Any CPU
		{6345C240-5FDB-40B6-BABC-86663C72CA14}.Release|Any CPU.Build.0 = Release|Any CPU
		{19AC0586-F1D0-4EC7-84C4-8CCB1F9FB478}.Debug|Any CPU.ActiveCfg = Debug|Any CPU
		{19AC0586-F1D0-4EC7-84C4-8CCB1F9FB478}.Debug|Any CPU.Build.0 = Debug|Any CPU
		{19AC0586-F1D0-4EC7-84C4-8CCB1F9FB478}.Release|Any CPU.ActiveCfg = Release|Any CPU
		{19AC0586-F1D0-4EC7-84C4-8CCB1F9FB478}.Release|Any CPU.Build.0 = Release|Any CPU
		{6CFD3BA5-2C57-4491-9873-85E319107723}.Debug|Any CPU.ActiveCfg = Debug|Any CPU
		{6CFD3BA5-2C57-4491-9873-85E319107723}.Debug|Any CPU.Build.0 = Debug|Any CPU
		{6CFD3BA5-2C57-4491-9873-85E319107723}.Release|Any CPU.ActiveCfg = Release|Any CPU
		{6CFD3BA5-2C57-4491-9873-85E319107723}.Release|Any CPU.Build.0 = Release|Any CPU
	EndGlobalSection
	GlobalSection(SolutionProperties) = preSolution
		HideSolutionNode = FALSE
	EndGlobalSection
	GlobalSection(ExtensibilityGlobals) = postSolution
		SolutionGuid = {5E5CEC17-0851-4685-A477-D721160C2ADE}
	EndGlobalSection
EndGlobal
